
Microsoft Visual Studio Solution File, Format Version 12.00
# Visual Studio Version 17
VisualStudioVersion = 17.12.35521.163
MinimumVisualStudioVersion = 10.0.40219.1
Project("{2150E333-8FDC-42A3-9474-1A3956D46DE8}") = "Source", "Source", "{CF20D5A8-13B6-4987-BD00-D7BFA4E1C65E}"
EndProject
Project("{2150E333-8FDC-42A3-9474-1A3956D46DE8}") = "Tests", "Tests", "{088E2DC7-95F7-4F55-A34C-CDE1DA94722A}"
EndProject
Project("{2150E333-8FDC-42A3-9474-1A3956D46DE8}") = "Services", "Services", "{F5C89A7C-04A2-4025-93E0-E7EFF7CBE28B}"
EndProject
Project("{2150E333-8FDC-42A3-9474-1A3956D46DE8}") = "Contacts", "Contacts", "{8C4A8F01-1A08-4615-A593-E1807CF0B8B3}"
EndProject
Project("{2150E333-8FDC-42A3-9474-1A3956D46DE8}") = "1 - Registration", "1 - Registration", "{37A2191E-3765-4193-A065-8164104B1B4D}"
EndProject
Project("{2150E333-8FDC-42A3-9474-1A3956D46DE8}") = "2 - Termination", "2 - Termination", "{9426DC29-7FA3-4CF7-A5B4-62A513E8E390}"
EndProject
Project("{2150E333-8FDC-42A3-9474-1A3956D46DE8}") = "3 - Modification", "3 - Modification", "{2FED07CD-A273-4C8C-8C21-A572EB59FA65}"
EndProject
Project("{2150E333-8FDC-42A3-9474-1A3956D46DE8}") = "4 - Inquiry", "4 - Inquiry", "{7057D12B-A0E2-4756-A603-1F96C2B414A8}"
EndProject
Project("{2150E333-8FDC-42A3-9474-1A3956D46DE8}") = "Database Management", "Database Management", "{2E86D723-E620-484E-9288-4377DB58E090}"
EndProject
Project("{2150E333-8FDC-42A3-9474-1A3956D46DE8}") = "Shared Kernel", "Shared Kernel", "{63F0A2A7-5830-4A1E-85EE-D2574852ECBF}"
EndProject
Project("{9A19103F-16F7-4668-BE54-9A1E7A4F7556}") = "FIAP.SharedKernel", "Source\FIAP.SharedKernel\FIAP.SharedKernel.csproj", "{CEFDFC26-A717-4222-A65B-87EEB045F74C}"
EndProject
Project("{9A19103F-16F7-4668-BE54-9A1E7A4F7556}") = "FIAP.DatabaseManagement", "Source\FIAP.DatabaseManagement\FIAP.DatabaseManagement.csproj", "{0F976411-BD39-49B6-B0C8-3E954BB308C5}"
EndProject
Project("{9A19103F-16F7-4668-BE54-9A1E7A4F7556}") = "FIAP.MessageBus", "Source\FIAP.MessageBus\FIAP.MessageBus.csproj", "{F6EEA943-2B57-4343-8F30-E113965412CA}"
EndProject
Project("{9A19103F-16F7-4668-BE54-9A1E7A4F7556}") = "FIAP.Registration.WebAPI", "Source\FIAP.Registration.WebAPI\FIAP.Registration.WebAPI.csproj", "{AA6DD7D2-ABF0-4199-9D54-711C8ECD4E76}"
EndProject
Project("{2150E333-8FDC-42A3-9474-1A3956D46DE8}") = "WebAPI", "WebAPI", "{DD33D4D9-82A5-44E0-ADE1-4D39AA8D7A98}"
EndProject
Project("{2150E333-8FDC-42A3-9474-1A3956D46DE8}") = "Application", "Application", "{8C408211-D7FC-4270-8257-09F33020F4F5}"
EndProject
Project("{9A19103F-16F7-4668-BE54-9A1E7A4F7556}") = "FIAP.Registration.Application", "Source\FIAP.Registration.Application\FIAP.Registration.Application.csproj", "{BB170EB9-6333-498B-94CE-8E87786DE5C7}"
EndProject
Project("{9A19103F-16F7-4668-BE54-9A1E7A4F7556}") = "FIAP.DatabaseManagement.WS", "Source\FIAP.DatabaseManagement.WS\FIAP.DatabaseManagement.WS.csproj", "{523CE7A3-EBEC-49A3-954E-F2936198198F}"
EndProject
Project("{2150E333-8FDC-42A3-9474-1A3956D46DE8}") = "1 - Work Service", "1 - Work Service", "{47433E13-6453-4E2E-91DB-6725134AB49B}"
EndProject
Project("{2150E333-8FDC-42A3-9474-1A3956D46DE8}") = "2 - Infrastructure", "2 - Infrastructure", "{4FB75A73-088D-4F6A-AB39-BC3EF370C324}"
EndProject
Project("{2150E333-8FDC-42A3-9474-1A3956D46DE8}") = "WebAPI", "WebAPI", "{9DDE34E7-7D16-449A-A783-8312B59EF83E}"
EndProject
Project("{2150E333-8FDC-42A3-9474-1A3956D46DE8}") = "Application", "Application", "{1090DE82-1BFA-420D-B051-35829FC08EC1}"
EndProject
Project("{9A19103F-16F7-4668-BE54-9A1E7A4F7556}") = "FIAP.Termination.WebAPI", "Source\FIAP.Termination.WebAPI\FIAP.Termination.WebAPI.csproj", "{BA44EE40-5B36-48FD-AF88-FEEF09419895}"
EndProject
Project("{9A19103F-16F7-4668-BE54-9A1E7A4F7556}") = "FIAP.Termination.Application", "Source\FIAP.Termination.Application\FIAP.Termination.Application.csproj", "{1A2F80F4-8FCA-49BB-A4DC-E44F098CA251}"
EndProject
Project("{2150E333-8FDC-42A3-9474-1A3956D46DE8}") = "Application", "Application", "{DCF8A625-ECC1-422A-891C-383C6319453D}"
EndProject
Project("{2150E333-8FDC-42A3-9474-1A3956D46DE8}") = "Application", "Application", "{88629087-1904-42AF-8E6E-C0E981BC633A}"
EndProject
Project("{2150E333-8FDC-42A3-9474-1A3956D46DE8}") = "WebAPI", "WebAPI", "{22DF5C90-199A-40FC-943D-538BDE27FFED}"
EndProject
Project("{9A19103F-16F7-4668-BE54-9A1E7A4F7556}") = "FIAP.Modification.Application", "Source\FIAP.Modification.Application\FIAP.Modification.Application.csproj", "{469D0CE1-85DA-423D-A018-D10211DF75DC}"
EndProject
Project("{2150E333-8FDC-42A3-9474-1A3956D46DE8}") = "WebAPI", "WebAPI", "{A53B48FE-3141-4CE0-804A-27ECDB07A00E}"
EndProject
Project("{9A19103F-16F7-4668-BE54-9A1E7A4F7556}") = "FIAP.Modification.WebAPI", "Source\FIAP.Modification.WebAPI\FIAP.Modification.WebAPI.csproj", "{AF71B286-9478-496D-B17B-3306E639BD2C}"
EndProject
Project("{9A19103F-16F7-4668-BE54-9A1E7A4F7556}") = "FIAP.Inquiry.Application", "Source\FIAP.Inquiry.Application\FIAP.Inquiry.Application.csproj", "{029C5130-A1C3-4E6D-9FE4-18412E1A201A}"
EndProject
Project("{9A19103F-16F7-4668-BE54-9A1E7A4F7556}") = "FIAP.Inquiry.WebAPI", "Source\FIAP.Inquiry.WebAPI\FIAP.Inquiry.WebAPI.csproj", "{E495E72D-8BEA-4CAC-9504-37B7048073A1}"
EndProject
Project("{9A19103F-16F7-4668-BE54-9A1E7A4F7556}") = "Contacts.UnitTests", "Tests\Contacts.UnitTests\Contacts.UnitTests.csproj", "{1F9258F5-C317-477D-8F6C-BF6ED60E4970}"
EndProject
Project("{9A19103F-16F7-4668-BE54-9A1E7A4F7556}") = "Contacts.IntegrationTests", "Tests\Contacts.IntegrationTests\Contacts.IntegrationTests.csproj", "{ED51B371-09BA-44D1-9CD6-FFAFE61E53C5}"
EndProject
Project("{2150E333-8FDC-42A3-9474-1A3956D46DE8}") = "Gateway", "Gateway", "{6C95F805-7D64-4272-B62E-28FB0B2DBF90}"
EndProject
Project("{FAE04EC0-301F-11D3-BF4B-00C04F79EFBC}") = "FIAP.Gateway.API", "Source\FIAP.Gateway.API\FIAP.Gateway.API.csproj", "{117F1B73-7CD0-41B3-91F4-70BF335473E0}"
EndProject
Global
	GlobalSection(SolutionConfigurationPlatforms) = preSolution
		Debug|Any CPU = Debug|Any CPU
		Release|Any CPU = Release|Any CPU
	EndGlobalSection
	GlobalSection(ProjectConfigurationPlatforms) = postSolution
		{CEFDFC26-A717-4222-A65B-87EEB045F74C}.Debug|Any CPU.ActiveCfg = Debug|Any CPU
		{CEFDFC26-A717-4222-A65B-87EEB045F74C}.Debug|Any CPU.Build.0 = Debug|Any CPU
		{CEFDFC26-A717-4222-A65B-87EEB045F74C}.Release|Any CPU.ActiveCfg = Release|Any CPU
		{CEFDFC26-A717-4222-A65B-87EEB045F74C}.Release|Any CPU.Build.0 = Release|Any CPU
		{0F976411-BD39-49B6-B0C8-3E954BB308C5}.Debug|Any CPU.ActiveCfg = Debug|Any CPU
		{0F976411-BD39-49B6-B0C8-3E954BB308C5}.Debug|Any CPU.Build.0 = Debug|Any CPU
		{0F976411-BD39-49B6-B0C8-3E954BB308C5}.Release|Any CPU.ActiveCfg = Release|Any CPU
		{0F976411-BD39-49B6-B0C8-3E954BB308C5}.Release|Any CPU.Build.0 = Release|Any CPU
		{F6EEA943-2B57-4343-8F30-E113965412CA}.Debug|Any CPU.ActiveCfg = Debug|Any CPU
		{F6EEA943-2B57-4343-8F30-E113965412CA}.Debug|Any CPU.Build.0 = Debug|Any CPU
		{F6EEA943-2B57-4343-8F30-E113965412CA}.Release|Any CPU.ActiveCfg = Release|Any CPU
		{F6EEA943-2B57-4343-8F30-E113965412CA}.Release|Any CPU.Build.0 = Release|Any CPU
		{AA6DD7D2-ABF0-4199-9D54-711C8ECD4E76}.Debug|Any CPU.ActiveCfg = Debug|Any CPU
		{AA6DD7D2-ABF0-4199-9D54-711C8ECD4E76}.Debug|Any CPU.Build.0 = Debug|Any CPU
		{AA6DD7D2-ABF0-4199-9D54-711C8ECD4E76}.Release|Any CPU.ActiveCfg = Release|Any CPU
		{AA6DD7D2-ABF0-4199-9D54-711C8ECD4E76}.Release|Any CPU.Build.0 = Release|Any CPU
		{BB170EB9-6333-498B-94CE-8E87786DE5C7}.Debug|Any CPU.ActiveCfg = Debug|Any CPU
		{BB170EB9-6333-498B-94CE-8E87786DE5C7}.Debug|Any CPU.Build.0 = Debug|Any CPU
		{BB170EB9-6333-498B-94CE-8E87786DE5C7}.Release|Any CPU.ActiveCfg = Release|Any CPU
		{BB170EB9-6333-498B-94CE-8E87786DE5C7}.Release|Any CPU.Build.0 = Release|Any CPU
		{523CE7A3-EBEC-49A3-954E-F2936198198F}.Debug|Any CPU.ActiveCfg = Debug|Any CPU
		{523CE7A3-EBEC-49A3-954E-F2936198198F}.Debug|Any CPU.Build.0 = Debug|Any CPU
		{523CE7A3-EBEC-49A3-954E-F2936198198F}.Release|Any CPU.ActiveCfg = Release|Any CPU
		{523CE7A3-EBEC-49A3-954E-F2936198198F}.Release|Any CPU.Build.0 = Release|Any CPU
		{BA44EE40-5B36-48FD-AF88-FEEF09419895}.Debug|Any CPU.ActiveCfg = Debug|Any CPU
		{BA44EE40-5B36-48FD-AF88-FEEF09419895}.Debug|Any CPU.Build.0 = Debug|Any CPU
		{BA44EE40-5B36-48FD-AF88-FEEF09419895}.Release|Any CPU.ActiveCfg = Release|Any CPU
		{BA44EE40-5B36-48FD-AF88-FEEF09419895}.Release|Any CPU.Build.0 = Release|Any CPU
		{1A2F80F4-8FCA-49BB-A4DC-E44F098CA251}.Debug|Any CPU.ActiveCfg = Debug|Any CPU
		{1A2F80F4-8FCA-49BB-A4DC-E44F098CA251}.Debug|Any CPU.Build.0 = Debug|Any CPU
		{1A2F80F4-8FCA-49BB-A4DC-E44F098CA251}.Release|Any CPU.ActiveCfg = Release|Any CPU
		{1A2F80F4-8FCA-49BB-A4DC-E44F098CA251}.Release|Any CPU.Build.0 = Release|Any CPU
		{469D0CE1-85DA-423D-A018-D10211DF75DC}.Debug|Any CPU.ActiveCfg = Debug|Any CPU
		{469D0CE1-85DA-423D-A018-D10211DF75DC}.Debug|Any CPU.Build.0 = Debug|Any CPU
		{469D0CE1-85DA-423D-A018-D10211DF75DC}.Release|Any CPU.ActiveCfg = Release|Any CPU
		{469D0CE1-85DA-423D-A018-D10211DF75DC}.Release|Any CPU.Build.0 = Release|Any CPU
		{AF71B286-9478-496D-B17B-3306E639BD2C}.Debug|Any CPU.ActiveCfg = Debug|Any CPU
		{AF71B286-9478-496D-B17B-3306E639BD2C}.Debug|Any CPU.Build.0 = Debug|Any CPU
		{AF71B286-9478-496D-B17B-3306E639BD2C}.Release|Any CPU.ActiveCfg = Release|Any CPU
		{AF71B286-9478-496D-B17B-3306E639BD2C}.Release|Any CPU.Build.0 = Release|Any CPU
		{029C5130-A1C3-4E6D-9FE4-18412E1A201A}.Debug|Any CPU.ActiveCfg = Debug|Any CPU
		{029C5130-A1C3-4E6D-9FE4-18412E1A201A}.Debug|Any CPU.Build.0 = Debug|Any CPU
		{029C5130-A1C3-4E6D-9FE4-18412E1A201A}.Release|Any CPU.ActiveCfg = Release|Any CPU
		{029C5130-A1C3-4E6D-9FE4-18412E1A201A}.Release|Any CPU.Build.0 = Release|Any CPU
		{E495E72D-8BEA-4CAC-9504-37B7048073A1}.Debug|Any CPU.ActiveCfg = Debug|Any CPU
		{E495E72D-8BEA-4CAC-9504-37B7048073A1}.Debug|Any CPU.Build.0 = Debug|Any CPU
		{E495E72D-8BEA-4CAC-9504-37B7048073A1}.Release|Any CPU.ActiveCfg = Release|Any CPU
		{E495E72D-8BEA-4CAC-9504-37B7048073A1}.Release|Any CPU.Build.0 = Release|Any CPU
		{1F9258F5-C317-477D-8F6C-BF6ED60E4970}.Debug|Any CPU.ActiveCfg = Debug|Any CPU
		{1F9258F5-C317-477D-8F6C-BF6ED60E4970}.Debug|Any CPU.Build.0 = Debug|Any CPU
		{1F9258F5-C317-477D-8F6C-BF6ED60E4970}.Release|Any CPU.ActiveCfg = Release|Any CPU
		{1F9258F5-C317-477D-8F6C-BF6ED60E4970}.Release|Any CPU.Build.0 = Release|Any CPU
		{ED51B371-09BA-44D1-9CD6-FFAFE61E53C5}.Debug|Any CPU.ActiveCfg = Debug|Any CPU
		{ED51B371-09BA-44D1-9CD6-FFAFE61E53C5}.Debug|Any CPU.Build.0 = Debug|Any CPU
		{ED51B371-09BA-44D1-9CD6-FFAFE61E53C5}.Release|Any CPU.ActiveCfg = Release|Any CPU
		{ED51B371-09BA-44D1-9CD6-FFAFE61E53C5}.Release|Any CPU.Build.0 = Release|Any CPU
		{117F1B73-7CD0-41B3-91F4-70BF335473E0}.Debug|Any CPU.ActiveCfg = Debug|Any CPU
		{117F1B73-7CD0-41B3-91F4-70BF335473E0}.Debug|Any CPU.Build.0 = Debug|Any CPU
		{117F1B73-7CD0-41B3-91F4-70BF335473E0}.Release|Any CPU.ActiveCfg = Release|Any CPU
		{117F1B73-7CD0-41B3-91F4-70BF335473E0}.Release|Any CPU.Build.0 = Release|Any CPU
	EndGlobalSection
	GlobalSection(SolutionProperties) = preSolution
		HideSolutionNode = FALSE
	EndGlobalSection
	GlobalSection(NestedProjects) = preSolution
		{F5C89A7C-04A2-4025-93E0-E7EFF7CBE28B} = {CF20D5A8-13B6-4987-BD00-D7BFA4E1C65E}
		{8C4A8F01-1A08-4615-A593-E1807CF0B8B3} = {F5C89A7C-04A2-4025-93E0-E7EFF7CBE28B}
		{37A2191E-3765-4193-A065-8164104B1B4D} = {8C4A8F01-1A08-4615-A593-E1807CF0B8B3}
		{9426DC29-7FA3-4CF7-A5B4-62A513E8E390} = {8C4A8F01-1A08-4615-A593-E1807CF0B8B3}
		{2FED07CD-A273-4C8C-8C21-A572EB59FA65} = {8C4A8F01-1A08-4615-A593-E1807CF0B8B3}
		{7057D12B-A0E2-4756-A603-1F96C2B414A8} = {8C4A8F01-1A08-4615-A593-E1807CF0B8B3}
		{2E86D723-E620-484E-9288-4377DB58E090} = {F5C89A7C-04A2-4025-93E0-E7EFF7CBE28B}
		{63F0A2A7-5830-4A1E-85EE-D2574852ECBF} = {CF20D5A8-13B6-4987-BD00-D7BFA4E1C65E}
		{CEFDFC26-A717-4222-A65B-87EEB045F74C} = {63F0A2A7-5830-4A1E-85EE-D2574852ECBF}
		{0F976411-BD39-49B6-B0C8-3E954BB308C5} = {4FB75A73-088D-4F6A-AB39-BC3EF370C324}
		{F6EEA943-2B57-4343-8F30-E113965412CA} = {63F0A2A7-5830-4A1E-85EE-D2574852ECBF}
		{AA6DD7D2-ABF0-4199-9D54-711C8ECD4E76} = {DD33D4D9-82A5-44E0-ADE1-4D39AA8D7A98}
		{DD33D4D9-82A5-44E0-ADE1-4D39AA8D7A98} = {37A2191E-3765-4193-A065-8164104B1B4D}
		{8C408211-D7FC-4270-8257-09F33020F4F5} = {37A2191E-3765-4193-A065-8164104B1B4D}
		{BB170EB9-6333-498B-94CE-8E87786DE5C7} = {8C408211-D7FC-4270-8257-09F33020F4F5}
		{523CE7A3-EBEC-49A3-954E-F2936198198F} = {47433E13-6453-4E2E-91DB-6725134AB49B}
		{47433E13-6453-4E2E-91DB-6725134AB49B} = {2E86D723-E620-484E-9288-4377DB58E090}
		{4FB75A73-088D-4F6A-AB39-BC3EF370C324} = {2E86D723-E620-484E-9288-4377DB58E090}
		{9DDE34E7-7D16-449A-A783-8312B59EF83E} = {9426DC29-7FA3-4CF7-A5B4-62A513E8E390}
		{1090DE82-1BFA-420D-B051-35829FC08EC1} = {9426DC29-7FA3-4CF7-A5B4-62A513E8E390}
		{BA44EE40-5B36-48FD-AF88-FEEF09419895} = {9DDE34E7-7D16-449A-A783-8312B59EF83E}
		{1A2F80F4-8FCA-49BB-A4DC-E44F098CA251} = {1090DE82-1BFA-420D-B051-35829FC08EC1}
		{DCF8A625-ECC1-422A-891C-383C6319453D} = {2FED07CD-A273-4C8C-8C21-A572EB59FA65}
		{88629087-1904-42AF-8E6E-C0E981BC633A} = {7057D12B-A0E2-4756-A603-1F96C2B414A8}
		{22DF5C90-199A-40FC-943D-538BDE27FFED} = {7057D12B-A0E2-4756-A603-1F96C2B414A8}
		{469D0CE1-85DA-423D-A018-D10211DF75DC} = {DCF8A625-ECC1-422A-891C-383C6319453D}
		{A53B48FE-3141-4CE0-804A-27ECDB07A00E} = {2FED07CD-A273-4C8C-8C21-A572EB59FA65}
		{AF71B286-9478-496D-B17B-3306E639BD2C} = {A53B48FE-3141-4CE0-804A-27ECDB07A00E}
		{029C5130-A1C3-4E6D-9FE4-18412E1A201A} = {88629087-1904-42AF-8E6E-C0E981BC633A}
		{E495E72D-8BEA-4CAC-9504-37B7048073A1} = {22DF5C90-199A-40FC-943D-538BDE27FFED}
		{1F9258F5-C317-477D-8F6C-BF6ED60E4970} = {088E2DC7-95F7-4F55-A34C-CDE1DA94722A}
		{ED51B371-09BA-44D1-9CD6-FFAFE61E53C5} = {088E2DC7-95F7-4F55-A34C-CDE1DA94722A}
		{6C95F805-7D64-4272-B62E-28FB0B2DBF90} = {F5C89A7C-04A2-4025-93E0-E7EFF7CBE28B}
		{117F1B73-7CD0-41B3-91F4-70BF335473E0} = {6C95F805-7D64-4272-B62E-28FB0B2DBF90}
	EndGlobalSection
	GlobalSection(ExtensibilityGlobals) = postSolution
		SolutionGuid = {0D4D36EB-A5FD-4D43-A474-5ABA8247FDFB}
	EndGlobalSection
EndGlobal
